
Microsoft Visual Studio Solution File, Format Version 12.00
# Visual Studio 14
VisualStudioVersion = 14.0.23107.0
MinimumVisualStudioVersion = 10.0.40219.1
Project("{FAE04EC0-301F-11D3-BF4B-00C04F79EFBC}") = "Inteligencia-g1", "Inteligencia-g1\Inteligencia-g1.csproj", "{BAD46225-86E1-408F-939B-48543DED9F8E}"
EndProject
Global
	GlobalSection(SolutionConfigurationPlatforms) = preSolution
		Debug|Any CPU = Debug|Any CPU
		Release|Any CPU = Release|Any CPU
	EndGlobalSection
	GlobalSection(ProjectConfigurationPlatforms) = postSolution
		{BAD46225-86E1-408F-939B-48543DED9F8E}.Debug|Any CPU.ActiveCfg = Debug|Any CPU
		{BAD46225-86E1-408F-939B-48543DED9F8E}.Debug|Any CPU.Build.0 = Debug|Any CPU
		{BAD46225-86E1-408F-939B-48543DED9F8E}.Release|Any CPU.ActiveCfg = Release|Any CPU
		{BAD46225-86E1-408F-939B-48543DED9F8E}.Release|Any CPU.Build.0 = Release|Any CPU
	EndGlobalSection
	GlobalSection(SolutionProperties) = preSolution
		HideSolutionNode = FALSE
	EndGlobalSection
EndGlobal
